
Microsoft Visual Studio Solution File, Format Version 12.00
# Visual Studio Version 16
VisualStudioVersion = 16.0.31911.196
MinimumVisualStudioVersion = 10.0.40219.1
Project("{FAE04EC0-301F-11D3-BF4B-00C04F79EFBC}") = "CarRepairDesktop", "CarRepairDesktop\CarRepairDesktop.csproj", "{B87284F8-74A6-4886-9F17-2252B354E573}"
EndProject
Global
	GlobalSection(SolutionConfigurationPlatforms) = preSolution
		Debug|Any CPU = Debug|Any CPU
		Release|Any CPU = Release|Any CPU
	EndGlobalSection
	GlobalSection(ProjectConfigurationPlatforms) = postSolution
		{B87284F8-74A6-4886-9F17-2252B354E573}.Debug|Any CPU.ActiveCfg = Debug|Any CPU
		{B87284F8-74A6-4886-9F17-2252B354E573}.Debug|Any CPU.Build.0 = Debug|Any CPU
		{B87284F8-74A6-4886-9F17-2252B354E573}.Release|Any CPU.ActiveCfg = Release|Any CPU
		{B87284F8-74A6-4886-9F17-2252B354E573}.Release|Any CPU.Build.0 = Release|Any CPU
	EndGlobalSection
	GlobalSection(SolutionProperties) = preSolution
		HideSolutionNode = FALSE
	EndGlobalSection
	GlobalSection(ExtensibilityGlobals) = postSolution
		SolutionGuid = {6C7751A6-13B7-4689-82D0-80F40AD2F545}
	EndGlobalSection
EndGlobal
